
Microsoft Visual Studio Solution File, Format Version 12.00
# Visual Studio Version 16
VisualStudioVersion = 16.0.32126.315
MinimumVisualStudioVersion = 10.0.40219.1
Project("{9A19103F-16F7-4668-BE54-9A1E7A4F7556}") = "EntityLayer", "EntityLayer\EntityLayer.csproj", "{6535324C-8E01-4ACD-9FC9-00FA20EB17FF}"
EndProject
Project("{9A19103F-16F7-4668-BE54-9A1E7A4F7556}") = "DataAccessLayer", "DataAccessLayer\DataAccessLayer.csproj", "{E79EE8AA-895B-4334-B0A5-D012C67FB92B}"
EndProject
Project("{9A19103F-16F7-4668-BE54-9A1E7A4F7556}") = "BusinessLayer", "BusinessLayer\BusinessLayer.csproj", "{0A6B3984-B771-47B4-949A-C30865DFAF60}"
EndProject
Project("{9A19103F-16F7-4668-BE54-9A1E7A4F7556}") = "ShoppingCartApi", "ShoppingCartApi\ShoppingCartApi.csproj", "{349FAB01-ADCA-4F2C-8B33-E5122EDFEA2C}"
EndProject
Project("{FAE04EC0-301F-11D3-BF4B-00C04F79EFBC}") = "ShoppingCart.UnitTest", "ShoppingCart.UnitTest\ShoppingCart.UnitTest.csproj", "{8FDA9BFE-5940-4DFC-B052-C44CCF5EFB48}"
EndProject
Global
	GlobalSection(SolutionConfigurationPlatforms) = preSolution
		Debug|Any CPU = Debug|Any CPU
		Release|Any CPU = Release|Any CPU
	EndGlobalSection
	GlobalSection(ProjectConfigurationPlatforms) = postSolution
		{6535324C-8E01-4ACD-9FC9-00FA20EB17FF}.Debug|Any CPU.ActiveCfg = Debug|Any CPU
		{6535324C-8E01-4ACD-9FC9-00FA20EB17FF}.Debug|Any CPU.Build.0 = Debug|Any CPU
		{6535324C-8E01-4ACD-9FC9-00FA20EB17FF}.Release|Any CPU.ActiveCfg = Release|Any CPU
		{6535324C-8E01-4ACD-9FC9-00FA20EB17FF}.Release|Any CPU.Build.0 = Release|Any CPU
		{E79EE8AA-895B-4334-B0A5-D012C67FB92B}.Debug|Any CPU.ActiveCfg = Debug|Any CPU
		{E79EE8AA-895B-4334-B0A5-D012C67FB92B}.Debug|Any CPU.Build.0 = Debug|Any CPU
		{E79EE8AA-895B-4334-B0A5-D012C67FB92B}.Release|Any CPU.ActiveCfg = Release|Any CPU
		{E79EE8AA-895B-4334-B0A5-D012C67FB92B}.Release|Any CPU.Build.0 = Release|Any CPU
		{0A6B3984-B771-47B4-949A-C30865DFAF60}.Debug|Any CPU.ActiveCfg = Debug|Any CPU
		{0A6B3984-B771-47B4-949A-C30865DFAF60}.Debug|Any CPU.Build.0 = Debug|Any CPU
		{0A6B3984-B771-47B4-949A-C30865DFAF60}.Release|Any CPU.ActiveCfg = Release|Any CPU
		{0A6B3984-B771-47B4-949A-C30865DFAF60}.Release|Any CPU.Build.0 = Release|Any CPU
		{349FAB01-ADCA-4F2C-8B33-E5122EDFEA2C}.Debug|Any CPU.ActiveCfg = Debug|Any CPU
		{349FAB01-ADCA-4F2C-8B33-E5122EDFEA2C}.Debug|Any CPU.Build.0 = Debug|Any CPU
		{349FAB01-ADCA-4F2C-8B33-E5122EDFEA2C}.Release|Any CPU.ActiveCfg = Release|Any CPU
		{349FAB01-ADCA-4F2C-8B33-E5122EDFEA2C}.Release|Any CPU.Build.0 = Release|Any CPU
		{8FDA9BFE-5940-4DFC-B052-C44CCF5EFB48}.Debug|Any CPU.ActiveCfg = Debug|Any CPU
		{8FDA9BFE-5940-4DFC-B052-C44CCF5EFB48}.Debug|Any CPU.Build.0 = Debug|Any CPU
		{8FDA9BFE-5940-4DFC-B052-C44CCF5EFB48}.Release|Any CPU.ActiveCfg = Release|Any CPU
		{8FDA9BFE-5940-4DFC-B052-C44CCF5EFB48}.Release|Any CPU.Build.0 = Release|Any CPU
	EndGlobalSection
	GlobalSection(SolutionProperties) = preSolution
		HideSolutionNode = FALSE
	EndGlobalSection
	GlobalSection(ExtensibilityGlobals) = postSolution
		SolutionGuid = {44ACF685-7983-46F9-8315-3F91FAA28811}
	EndGlobalSection
EndGlobal
